// !$*UTF8*$!
{
	archiveVersion = 1;
	classes = {
	};
	objectVersion = 56;
	objects = {

/* Begin PBXBuildFile section */
		D3AE652D2A52EBDE008AAED0 /* NativeECommerceApp.swift in Sources */ = {isa = PBXBuildFile; fileRef = D3AE652C2A52EBDE008AAED0 /* NativeECommerceApp.swift */; };
		D3AE652F2A52EBDE008AAED0 /* ContentView.swift in Sources */ = {isa = PBXBuildFile; fileRef = D3AE652E2A52EBDE008AAED0 /* ContentView.swift */; };
		D3AE65312A52EBDF008AAED0 /* Assets.xcassets in Resources */ = {isa = PBXBuildFile; fileRef = D3AE65302A52EBDF008AAED0 /* Assets.xcassets */; };
		D3AE65342A52EBDF008AAED0 /* Preview Assets.xcassets in Resources */ = {isa = PBXBuildFile; fileRef = D3AE65332A52EBDF008AAED0 /* Preview Assets.xcassets */; };
		D3AE653B2A52EC30008AAED0 /* APIRequest.swift in Sources */ = {isa = PBXBuildFile; fileRef = D3AE653A2A52EC30008AAED0 /* APIRequest.swift */; };
		D3AE653D2A52EDD2008AAED0 /* Product.swift in Sources */ = {isa = PBXBuildFile; fileRef = D3AE653C2A52EDD2008AAED0 /* Product.swift */; };
		D3AE653F2A52F96F008AAED0 /* CardProduct.swift in Sources */ = {isa = PBXBuildFile; fileRef = D3AE653E2A52F96F008AAED0 /* CardProduct.swift */; };
		D3AE65412A530A37008AAED0 /* Cart.swift in Sources */ = {isa = PBXBuildFile; fileRef = D3AE65402A530A37008AAED0 /* Cart.swift */; };
		D3AE65432A531677008AAED0 /* CartView.swift in Sources */ = {isa = PBXBuildFile; fileRef = D3AE65422A531677008AAED0 /* CartView.swift */; };
		D3AE65452A531788008AAED0 /* CardProductCart.swift in Sources */ = {isa = PBXBuildFile; fileRef = D3AE65442A531788008AAED0 /* CardProductCart.swift */; };
		D3C130CA2A5322CB0054C09B /* CartItem.swift in Sources */ = {isa = PBXBuildFile; fileRef = D3C130C92A5322CB0054C09B /* CartItem.swift */; };
/* End PBXBuildFile section */

/* Begin PBXFileReference section */
		D3AE65292A52EBDE008AAED0 /* NativeECommerce.app */ = {isa = PBXFileReference; explicitFileType = wrapper.application; includeInIndex = 0; path = NativeECommerce.app; sourceTree = BUILT_PRODUCTS_DIR; };
		D3AE652C2A52EBDE008AAED0 /* NativeECommerceApp.swift */ = {isa = PBXFileReference; lastKnownFileType = sourcecode.swift; path = NativeECommerceApp.swift; sourceTree = "<group>"; };
		D3AE652E2A52EBDE008AAED0 /* ContentView.swift */ = {isa = PBXFileReference; lastKnownFileType = sourcecode.swift; path = ContentView.swift; sourceTree = "<group>"; };
		D3AE65302A52EBDF008AAED0 /* Assets.xcassets */ = {isa = PBXFileReference; lastKnownFileType = folder.assetcatalog; path = Assets.xcassets; sourceTree = "<group>"; };
		D3AE65332A52EBDF008AAED0 /* Preview Assets.xcassets */ = {isa = PBXFileReference; lastKnownFileType = folder.assetcatalog; path = "Preview Assets.xcassets"; sourceTree = "<group>"; };
		D3AE653A2A52EC30008AAED0 /* APIRequest.swift */ = {isa = PBXFileReference; lastKnownFileType = sourcecode.swift; path = APIRequest.swift; sourceTree = "<group>"; };
		D3AE653C2A52EDD2008AAED0 /* Product.swift */ = {isa = PBXFileReference; lastKnownFileType = sourcecode.swift; path = Product.swift; sourceTree = "<group>"; };
		D3AE653E2A52F96F008AAED0 /* CardProduct.swift */ = {isa = PBXFileReference; lastKnownFileType = sourcecode.swift; path = CardProduct.swift; sourceTree = "<group>"; };
		D3AE65402A530A37008AAED0 /* Cart.swift */ = {isa = PBXFileReference; lastKnownFileType = sourcecode.swift; path = Cart.swift; sourceTree = "<group>"; };
		D3AE65422A531677008AAED0 /* CartView.swift */ = {isa = PBXFileReference; lastKnownFileType = sourcecode.swift; path = CartView.swift; sourceTree = "<group>"; };
		D3AE65442A531788008AAED0 /* CardProductCart.swift */ = {isa = PBXFileReference; lastKnownFileType = sourcecode.swift; path = CardProductCart.swift; sourceTree = "<group>"; };
		D3C130C92A5322CB0054C09B /* CartItem.swift */ = {isa = PBXFileReference; lastKnownFileType = sourcecode.swift; path = CartItem.swift; sourceTree = "<group>"; };
/* End PBXFileReference section */

/* Begin PBXFrameworksBuildPhase section */
		D3AE65262A52EBDE008AAED0 /* Frameworks */ = {
			isa = PBXFrameworksBuildPhase;
			buildActionMask = 2147483647;
			files = (
			);
			runOnlyForDeploymentPostprocessing = 0;
		};
/* End PBXFrameworksBuildPhase section */

/* Begin PBXGroup section */
		D3AE65202A52EBDE008AAED0 = {
			isa = PBXGroup;
			children = (
				D3AE652B2A52EBDE008AAED0 /* NativeECommerce */,
				D3AE652A2A52EBDE008AAED0 /* Products */,
			);
			sourceTree = "<group>";
		};
		D3AE652A2A52EBDE008AAED0 /* Products */ = {
			isa = PBXGroup;
			children = (
				D3AE65292A52EBDE008AAED0 /* NativeECommerce.app */,
			);
			name = Products;
			sourceTree = "<group>";
		};
		D3AE652B2A52EBDE008AAED0 /* NativeECommerce */ = {
			isa = PBXGroup;
			children = (
				D3C130C82A5321390054C09B /* Utils */,
				D3C130C72A5320FD0054C09B /* Views */,
				D3C130C62A53209D0054C09B /* Models */,
				D3C130C52A53206A0054C09B /* Components */,
				D3AE652C2A52EBDE008AAED0 /* NativeECommerceApp.swift */,
				D3AE65302A52EBDF008AAED0 /* Assets.xcassets */,
				D3AE65322A52EBDF008AAED0 /* Preview Content */,
			);
			path = NativeECommerce;
			sourceTree = "<group>";
		};
		D3AE65322A52EBDF008AAED0 /* Preview Content */ = {
			isa = PBXGroup;
			children = (
				D3AE65332A52EBDF008AAED0 /* Preview Assets.xcassets */,
			);
			path = "Preview Content";
			sourceTree = "<group>";
		};
		D3C130C52A53206A0054C09B /* Components */ = {
			isa = PBXGroup;
			children = (
				D3AE65442A531788008AAED0 /* CardProductCart.swift */,
				D3AE653E2A52F96F008AAED0 /* CardProduct.swift */,
			);
			path = Components;
			sourceTree = "<group>";
		};
		D3C130C62A53209D0054C09B /* Models */ = {
			isa = PBXGroup;
			children = (
				D3AE653C2A52EDD2008AAED0 /* Product.swift */,
				D3C130C92A5322CB0054C09B /* CartItem.swift */,
			);
			name = Models;
			sourceTree = "<group>";
		};
		D3C130C72A5320FD0054C09B /* Views */ = {
			isa = PBXGroup;
			children = (
				D3AE65422A531677008AAED0 /* CartView.swift */,
				D3AE652E2A52EBDE008AAED0 /* ContentView.swift */,
			);
			name = Views;
			sourceTree = "<group>";
		};
		D3C130C82A5321390054C09B /* Utils */ = {
			isa = PBXGroup;
			children = (
				D3AE653A2A52EC30008AAED0 /* APIRequest.swift */,
				D3AE65402A530A37008AAED0 /* Cart.swift */,
			);
			name = Utils;
			sourceTree = "<group>";
		};
/* End PBXGroup section */

/* Begin PBXNativeTarget section */
		D3AE65282A52EBDE008AAED0 /* NativeECommerce */ = {
			isa = PBXNativeTarget;
			buildConfigurationList = D3AE65372A52EBDF008AAED0 /* Build configuration list for PBXNativeTarget "NativeECommerce" */;
			buildPhases = (
				D3AE65252A52EBDE008AAED0 /* Sources */,
				D3AE65262A52EBDE008AAED0 /* Frameworks */,
				D3AE65272A52EBDE008AAED0 /* Resources */,
			);
			buildRules = (
			);
			dependencies = (
			);
			name = NativeECommerce;
			productName = NativeECommerce;
			productReference = D3AE65292A52EBDE008AAED0 /* NativeECommerce.app */;
			productType = "com.apple.product-type.application";
		};
/* End PBXNativeTarget section */

/* Begin PBXProject section */
		D3AE65212A52EBDE008AAED0 /* Project object */ = {
			isa = PBXProject;
			attributes = {
				BuildIndependentTargetsInParallel = 1;
				LastSwiftUpdateCheck = 1430;
				LastUpgradeCheck = 1430;
				TargetAttributes = {
					D3AE65282A52EBDE008AAED0 = {
						CreatedOnToolsVersion = 14.3.1;
					};
				};
			};
			buildConfigurationList = D3AE65242A52EBDE008AAED0 /* Build configuration list for PBXProject "NativeECommerce" */;
			compatibilityVersion = "Xcode 14.0";
			developmentRegion = en;
			hasScannedForEncodings = 0;
			knownRegions = (
				en,
				Base,
			);
			mainGroup = D3AE65202A52EBDE008AAED0;
			productRefGroup = D3AE652A2A52EBDE008AAED0 /* Products */;
			projectDirPath = "";
			projectRoot = "";
			targets = (
				D3AE65282A52EBDE008AAED0 /* NativeECommerce */,
			);
		};
/* End PBXProject section */

/* Begin PBXResourcesBuildPhase section */
		D3AE65272A52EBDE008AAED0 /* Resources */ = {
			isa = PBXResourcesBuildPhase;
			buildActionMask = 2147483647;
			files = (
				D3AE65342A52EBDF008AAED0 /* Preview Assets.xcassets in Resources */,
				D3AE65312A52EBDF008AAED0 /* Assets.xcassets in Resources */,
			);
			runOnlyForDeploymentPostprocessing = 0;
		};
/* End PBXResourcesBuildPhase section */

/* Begin PBXSourcesBuildPhase section */
		D3AE65252A52EBDE008AAED0 /* Sources */ = {
			isa = PBXSourcesBuildPhase;
			buildActionMask = 2147483647;
			files = (
				D3AE652F2A52EBDE008AAED0 /* ContentView.swift in Sources */,
				D3AE65432A531677008AAED0 /* CartView.swift in Sources */,
				D3AE65412A530A37008AAED0 /* Cart.swift in Sources */,
				D3AE653D2A52EDD2008AAED0 /* Product.swift in Sources */,
				D3C130CA2A5322CB0054C09B /* CartItem.swift in Sources */,
				D3AE653B2A52EC30008AAED0 /* APIRequest.swift in Sources */,
				D3AE65452A531788008AAED0 /* CardProductCart.swift in Sources */,
				D3AE653F2A52F96F008AAED0 /* CardProduct.swift in Sources */,
				D3AE652D2A52EBDE008AAED0 /* NativeECommerceApp.swift in Sources */,
			);
			runOnlyForDeploymentPostprocessing = 0;
		};
/* End PBXSourcesBuildPhase section */

/* Begin XCBuildConfiguration section */
		D3AE65352A52EBDF008AAED0 /* Debug */ = {
			isa = XCBuildConfiguration;
			buildSettings = {
				ALWAYS_SEARCH_USER_PATHS = NO;
				CLANG_ANALYZER_NONNULL = YES;
				CLANG_ANALYZER_NUMBER_OBJECT_CONVERSION = YES_AGGRESSIVE;
				CLANG_CXX_LANGUAGE_STANDARD = "gnu++20";
				CLANG_ENABLE_MODULES = YES;
				CLANG_ENABLE_OBJC_ARC = YES;
				CLANG_ENABLE_OBJC_WEAK = YES;
				CLANG_WARN_BLOCK_CAPTURE_AUTORELEASING = YES;
				CLANG_WARN_BOOL_CONVERSION = YES;
				CLANG_WARN_COMMA = YES;
				CLANG_WARN_CONSTANT_CONVERSION = YES;
				CLANG_WARN_DEPRECATED_OBJC_IMPLEMENTATIONS = YES;
				CLANG_WARN_DIRECT_OBJC_ISA_USAGE = YES_ERROR;
				CLANG_WARN_DOCUMENTATION_COMMENTS = YES;
				CLANG_WARN_EMPTY_BODY = YES;
				CLANG_WARN_ENUM_CONVERSION = YES;
				CLANG_WARN_INFINITE_RECURSION = YES;
				CLANG_WARN_INT_CONVERSION = YES;
				CLANG_WARN_NON_LITERAL_NULL_CONVERSION = YES;
				CLANG_WARN_OBJC_IMPLICIT_RETAIN_SELF = YES;
				CLANG_WARN_OBJC_LITERAL_CONVERSION = YES;
				CLANG_WARN_OBJC_ROOT_CLASS = YES_ERROR;
				CLANG_WARN_QUOTED_INCLUDE_IN_FRAMEWORK_HEADER = YES;
				CLANG_WARN_RANGE_LOOP_ANALYSIS = YES;
				CLANG_WARN_STRICT_PROTOTYPES = YES;
				CLANG_WARN_SUSPICIOUS_MOVE = YES;
				CLANG_WARN_UNGUARDED_AVAILABILITY = YES_AGGRESSIVE;
				CLANG_WARN_UNREACHABLE_CODE = YES;
				CLANG_WARN__DUPLICATE_METHOD_MATCH = YES;
				COPY_PHASE_STRIP = NO;
				DEBUG_INFORMATION_FORMAT = dwarf;
				ENABLE_STRICT_OBJC_MSGSEND = YES;
				ENABLE_TESTABILITY = YES;
				GCC_C_LANGUAGE_STANDARD = gnu11;
				GCC_DYNAMIC_NO_PIC = NO;
				GCC_NO_COMMON_BLOCKS = YES;
				GCC_OPTIMIZATION_LEVEL = 0;
				GCC_PREPROCESSOR_DEFINITIONS = (
					"DEBUG=1",
					"$(inherited)",
				);
				GCC_WARN_64_TO_32_BIT_CONVERSION = YES;
				GCC_WARN_ABOUT_RETURN_TYPE = YES_ERROR;
				GCC_WARN_UNDECLARED_SELECTOR = YES;
				GCC_WARN_UNINITIALIZED_AUTOS = YES_AGGRESSIVE;
				GCC_WARN_UNUSED_FUNCTION = YES;
				GCC_WARN_UNUSED_VARIABLE = YES;
				IPHONEOS_DEPLOYMENT_TARGET = 16.4;
				MTL_ENABLE_DEBUG_INFO = INCLUDE_SOURCE;
				MTL_FAST_MATH = YES;
				ONLY_ACTIVE_ARCH = YES;
				SDKROOT = iphoneos;
				SWIFT_ACTIVE_COMPILATION_CONDITIONS = DEBUG;
				SWIFT_OPTIMIZATION_LEVEL = "-Onone";
			};
			name = Debug;
		};
		D3AE65362A52EBDF008AAED0 /* Release */ = {
			isa = XCBuildConfiguration;
			buildSettings = {
				ALWAYS_SEARCH_USER_PATHS = NO;
				CLANG_ANALYZER_NONNULL = YES;
				CLANG_ANALYZER_NUMBER_OBJECT_CONVERSION = YES_AGGRESSIVE;
				CLANG_CXX_LANGUAGE_STANDARD = "gnu++20";
				CLANG_ENABLE_MODULES = YES;
				CLANG_ENABLE_OBJC_ARC = YES;
				CLANG_ENABLE_OBJC_WEAK = YES;
				CLANG_WARN_BLOCK_CAPTURE_AUTORELEASING = YES;
				CLANG_WARN_BOOL_CONVERSION = YES;
				CLANG_WARN_COMMA = YES;
				CLANG_WARN_CONSTANT_CONVERSION = YES;
				CLANG_WARN_DEPRECATED_OBJC_IMPLEMENTATIONS = YES;
				CLANG_WARN_DIRECT_OBJC_ISA_USAGE = YES_ERROR;
				CLANG_WARN_DOCUMENTATION_COMMENTS = YES;
				CLANG_WARN_EMPTY_BODY = YES;
				CLANG_WARN_ENUM_CONVERSION = YES;
				CLANG_WARN_INFINITE_RECURSION = YES;
				CLANG_WARN_INT_CONVERSION = YES;
				CLANG_WARN_NON_LITERAL_NULL_CONVERSION = YES;
				CLANG_WARN_OBJC_IMPLICIT_RETAIN_SELF = YES;
				CLANG_WARN_OBJC_LITERAL_CONVERSION = YES;
				CLANG_WARN_OBJC_ROOT_CLASS = YES_ERROR;
				CLANG_WARN_QUOTED_INCLUDE_IN_FRAMEWORK_HEADER = YES;
				CLANG_WARN_RANGE_LOOP_ANALYSIS = YES;
				CLANG_WARN_STRICT_PROTOTYPES = YES;
				CLANG_WARN_SUSPICIOUS_MOVE = YES;
				CLANG_WARN_UNGUARDED_AVAILABILITY = YES_AGGRESSIVE;
				CLANG_WARN_UNREACHABLE_CODE = YES;
				CLANG_WARN__DUPLICATE_METHOD_MATCH = YES;
				COPY_PHASE_STRIP = NO;
				DEBUG_INFORMATION_FORMAT = "dwarf-with-dsym";
				ENABLE_NS_ASSERTIONS = NO;
				ENABLE_STRICT_OBJC_MSGSEND = YES;
				GCC_C_LANGUAGE_STANDARD = gnu11;
				GCC_NO_COMMON_BLOCKS = YES;
				GCC_WARN_64_TO_32_BIT_CONVERSION = YES;
				GCC_WARN_ABOUT_RETURN_TYPE = YES_ERROR;
				GCC_WARN_UNDECLARED_SELECTOR = YES;
				GCC_WARN_UNINITIALIZED_AUTOS = YES_AGGRESSIVE;
				GCC_WARN_UNUSED_FUNCTION = YES;
				GCC_WARN_UNUSED_VARIABLE = YES;
				IPHONEOS_DEPLOYMENT_TARGET = 16.4;
				MTL_ENABLE_DEBUG_INFO = NO;
				MTL_FAST_MATH = YES;
				SDKROOT = iphoneos;
				SWIFT_COMPILATION_MODE = wholemodule;
				SWIFT_OPTIMIZATION_LEVEL = "-O";
				VALIDATE_PRODUCT = YES;
			};
			name = Release;
		};
		D3AE65382A52EBDF008AAED0 /* Debug */ = {
			isa = XCBuildConfiguration;
			buildSettings = {
				ASSETCATALOG_COMPILER_APPICON_NAME = AppIcon;
				ASSETCATALOG_COMPILER_GLOBAL_ACCENT_COLOR_NAME = AccentColor;
				CODE_SIGN_STYLE = Automatic;
				CURRENT_PROJECT_VERSION = 1;
				DEVELOPMENT_ASSET_PATHS = "\"NativeECommerce/Preview Content\"";
				DEVELOPMENT_TEAM = 9TBFNTA45R;
				ENABLE_PREVIEWS = YES;
				GENERATE_INFOPLIST_FILE = YES;
				INFOPLIST_KEY_UIApplicationSceneManifest_Generation = YES;
				INFOPLIST_KEY_UIApplicationSupportsIndirectInputEvents = YES;
				INFOPLIST_KEY_UILaunchScreen_Generation = YES;
				INFOPLIST_KEY_UISupportedInterfaceOrientations_iPad = "UIInterfaceOrientationPortrait UIInterfaceOrientationPortraitUpsideDown UIInterfaceOrientationLandscapeLeft UIInterfaceOrientationLandscapeRight";
				INFOPLIST_KEY_UISupportedInterfaceOrientations_iPhone = "UIInterfaceOrientationPortrait UIInterfaceOrientationLandscapeLeft UIInterfaceOrientationLandscapeRight";
				LD_RUNPATH_SEARCH_PATHS = (
					"$(inherited)",
					"@executable_path/Frameworks",
				);
				MARKETING_VERSION = 1.0;
				PRODUCT_BUNDLE_IDENTIFIER = com.daniel.avelino.NativeECommerce;
				PRODUCT_NAME = "$(TARGET_NAME)";
				SWIFT_EMIT_LOC_STRINGS = YES;
				SWIFT_VERSION = 5.0;
				TARGETED_DEVICE_FAMILY = "1,2";
			};
			name = Debug;
		};
		D3AE65392A52EBDF008AAED0 /* Release */ = {
			isa = XCBuildConfiguration;
			buildSettings = {
				ASSETCATALOG_COMPILER_APPICON_NAME = AppIcon;
				ASSETCATALOG_COMPILER_GLOBAL_ACCENT_COLOR_NAME = AccentColor;
				CODE_SIGN_STYLE = Automatic;
				CURRENT_PROJECT_VERSION = 1;
				DEVELOPMENT_ASSET_PATHS = "\"NativeECommerce/Preview Content\"";
				DEVELOPMENT_TEAM = 9TBFNTA45R;
				ENABLE_PREVIEWS = YES;
				GENERATE_INFOPLIST_FILE = YES;
				INFOPLIST_KEY_UIApplicationSceneManifest_Generation = YES;
				INFOPLIST_KEY_UIApplicationSupportsIndirectInputEvents = YES;
				INFOPLIST_KEY_UILaunchScreen_Generation = YES;
				INFOPLIST_KEY_UISupportedInterfaceOrientations_iPad = "UIInterfaceOrientationPortrait UIInterfaceOrientationPortraitUpsideDown UIInterfaceOrientationLandscapeLeft UIInterfaceOrientationLandscapeRight";
				INFOPLIST_KEY_UISupportedInterfaceOrientations_iPhone = "UIInterfaceOrientationPortrait UIInterfaceOrientationLandscapeLeft UIInterfaceOrientationLandscapeRight";
				LD_RUNPATH_SEARCH_PATHS = (
					"$(inherited)",
					"@executable_path/Frameworks",
				);
				MARKETING_VERSION = 1.0;
				PRODUCT_BUNDLE_IDENTIFIER = com.daniel.avelino.NativeECommerce;
				PRODUCT_NAME = "$(TARGET_NAME)";
				SWIFT_EMIT_LOC_STRINGS = YES;
				SWIFT_VERSION = 5.0;
				TARGETED_DEVICE_FAMILY = "1,2";
			};
			name = Release;
		};
/* End XCBuildConfiguration section */

/* Begin XCConfigurationList section */
		D3AE65242A52EBDE008AAED0 /* Build configuration list for PBXProject "NativeECommerce" */ = {
			isa = XCConfigurationList;
			buildConfigurations = (
				D3AE65352A52EBDF008AAED0 /* Debug */,
				D3AE65362A52EBDF008AAED0 /* Release */,
			);
			defaultConfigurationIsVisible = 0;
			defaultConfigurationName = Release;
		};
		D3AE65372A52EBDF008AAED0 /* Build configuration list for PBXNativeTarget "NativeECommerce" */ = {
			isa = XCConfigurationList;
			buildConfigurations = (
				D3AE65382A52EBDF008AAED0 /* Debug */,
				D3AE65392A52EBDF008AAED0 /* Release */,
			);
			defaultConfigurationIsVisible = 0;
			defaultConfigurationName = Release;
		};
/* End XCConfigurationList section */
	};
	rootObject = D3AE65212A52EBDE008AAED0 /* Project object */;
}
